Microsoft Visual Studio Solution File, Format Version 12.00
# Visual Studio Version 17
VisualStudioVersion = 17.5.2.0
MinimumVisualStudioVersion = 10.0.40219.1
Project("{2150E333-8FDC-42A3-9474-1A3956D46DE8}") = "furBabyGrooming-backend", "furBabyGrooming-backend", "{449B57CB-69C7-7611-05DC-7BB9AB21EA48}"
EndProject
Project("{FAE04EC0-301F-11D3-BF4B-00C04F79EFBC}") = "FurBaby.Api", "furBabyGrooming-backend\FurBaby.Api\FurBaby.Api.csproj", "{7BA60D99-77EC-3D28-C2FC-A57DAD9842FE}"
EndProject
Global
	GlobalSection(SolutionConfigurationPlatforms) = preSolution
		Debug|Any CPU = Debug|Any CPU
		Release|Any CPU = Release|Any CPU
	EndGlobalSection
	GlobalSection(ProjectConfigurationPlatforms) = postSolution
		{7BA60D99-77EC-3D28-C2FC-A57DAD9842FE}.Debug|Any CPU.ActiveCfg = Debug|Any CPU
		{7BA60D99-77EC-3D28-C2FC-A57DAD9842FE}.Debug|Any CPU.Build.0 = Debug|Any CPU
		{7BA60D99-77EC-3D28-C2FC-A57DAD9842FE}.Release|Any CPU.ActiveCfg = Release|Any CPU
		{7BA60D99-77EC-3D28-C2FC-A57DAD9842FE}.Release|Any CPU.Build.0 = Release|Any CPU
	EndGlobalSection
	GlobalSection(SolutionProperties) = preSolution
		HideSolutionNode = FALSE
	EndGlobalSection
	GlobalSection(NestedProjects) = preSolution
		{7BA60D99-77EC-3D28-C2FC-A57DAD9842FE} = {449B57CB-69C7-7611-05DC-7BB9AB21EA48}
	EndGlobalSection
	GlobalSection(ExtensibilityGlobals) = postSolution
		SolutionGuid = {8DF52FE2-1666-426B-8135-F76D53E22A76}
	EndGlobalSection
EndGlobal
